// !$*UTF8*$!
{
	archiveVersion = 1;
	classes = {
	};
	objectVersion = 46;
	objects = {

/* Begin PBXBuildFile section */
		7E03B5921BA10E8600FC44B3 /* AppDelegate.swift in Sources */ = {isa = PBXBuildFile; fileRef = 7E03B5911BA10E8600FC44B3 /* AppDelegate.swift */; };
		7E03B5941BA10E8600FC44B3 /* ViewController.swift in Sources */ = {isa = PBXBuildFile; fileRef = 7E03B5931BA10E8600FC44B3 /* ViewController.swift */; };
		7E03B5971BA10E8600FC44B3 /* Main.storyboard in Resources */ = {isa = PBXBuildFile; fileRef = 7E03B5951BA10E8600FC44B3 /* Main.storyboard */; };
		7E03B5991BA10E8600FC44B3 /* Assets.xcassets in Resources */ = {isa = PBXBuildFile; fileRef = 7E03B5981BA10E8600FC44B3 /* Assets.xcassets */; };
		7E03B59C1BA10E8600FC44B3 /* LaunchScreen.storyboard in Resources */ = {isa = PBXBuildFile; fileRef = 7E03B59A1BA10E8600FC44B3 /* LaunchScreen.storyboard */; };
/* End PBXBuildFile section */

/* Begin PBXFileReference section */
		7E03B58E1BA10E8600FC44B3 /* iOS9-NewAPI-SafariServices-Example.app */ = {isa = PBXFileReference; explicitFileType = wrapper.application; includeInIndex = 0; path = "iOS9-NewAPI-SafariServices-Example.app"; sourceTree = BUILT_PRODUCTS_DIR; };
		7E03B5911BA10E8600FC44B3 /* AppDelegate.swift */ = {isa = PBXFileReference; lastKnownFileType = sourcecode.swift; path = AppDelegate.swift; sourceTree = "<group>"; };
		7E03B5931BA10E8600FC44B3 /* ViewController.swift */ = {isa = PBXFileReference; lastKnownFileType = sourcecode.swift; path = ViewController.swift; sourceTree = "<group>"; };
		7E03B5961BA10E8600FC44B3 /* Base */ = {isa = PBXFileReference; lastKnownFileType = file.storyboard; name = Base; path = Base.lproj/Main.storyboard; sourceTree = "<group>"; };
		7E03B5981BA10E8600FC44B3 /* Assets.xcassets */ = {isa = PBXFileReference; lastKnownFileType = folder.assetcatalog; path = Assets.xcassets; sourceTree = "<group>"; };
		7E03B59B1BA10E8600FC44B3 /* Base */ = {isa = PBXFileReference; lastKnownFileType = file.storyboard; name = Base; path = Base.lproj/LaunchScreen.storyboard; sourceTree = "<group>"; };
		7E03B59D1BA10E8600FC44B3 /* Info.plist */ = {isa = PBXFileReference; lastKnownFileType = text.plist.xml; path = Info.plist; sourceTree = "<group>"; };
/* End PBXFileReference section */

/* Begin PBXFrameworksBuildPhase section */
		7E03B58B1BA10E8600FC44B3 /* Frameworks */ = {
			isa = PBXFrameworksBuildPhase;
			buildActionMask = 2147483647;
			files = (
			);
			runOnlyForDeploymentPostprocessing = 0;
		};
/* End PBXFrameworksBuildPhase section */

/* Begin PBXGroup section */
		7E03B5851BA10E8600FC44B3 = {
			isa = PBXGroup;
			children = (
				7E03B5901BA10E8600FC44B3 /* iOS9-NewAPI-SafariServices-Example */,
				7E03B58F1BA10E8600FC44B3 /* Products */,
			);
			sourceTree = "<group>";
		};
		7E03B58F1BA10E8600FC44B3 /* Products */ = {
			isa = PBXGroup;
			children = (
				7E03B58E1BA10E8600FC44B3 /* iOS9-NewAPI-SafariServices-Example.app */,
			);
			name = Products;
			sourceTree = "<group>";
		};
		7E03B5901BA10E8600FC44B3 /* iOS9-NewAPI-SafariServices-Example */ = {
			isa = PBXGroup;
			children = (
				7E03B5911BA10E8600FC44B3 /* AppDelegate.swift */,
				7E03B5931BA10E8600FC44B3 /* ViewController.swift */,
				7E03B5951BA10E8600FC44B3 /* Main.storyboard */,
				7E03B5981BA10E8600FC44B3 /* Assets.xcassets */,
				7E03B59A1BA10E8600FC44B3 /* LaunchScreen.storyboard */,
				7E03B59D1BA10E8600FC44B3 /* Info.plist */,
			);
			path = "iOS9-NewAPI-SafariServices-Example";
			sourceTree = "<group>";
		};
/* End PBXGroup section */

/* Begin PBXNativeTarget section */
		7E03B58D1BA10E8600FC44B3 /* iOS9-NewAPI-SafariServices-Example */ = {
			isa = PBXNativeTarget;
			buildConfigurationList = 7E03B5A01BA10E8600FC44B3 /* Build configuration list for PBXNativeTarget "iOS9-NewAPI-SafariServices-Example" */;
			buildPhases = (
				7E03B58A1BA10E8600FC44B3 /* Sources */,
				7E03B58B1BA10E8600FC44B3 /* Frameworks */,
				7E03B58C1BA10E8600FC44B3 /* Resources */,
			);
			buildRules = (
			);
			dependencies = (
			);
			name = "iOS9-NewAPI-SafariServices-Example";
			productName = "iOS9-NewAPI-SafariServices-Example";
			productReference = 7E03B58E1BA10E8600FC44B3 /* iOS9-NewAPI-SafariServices-Example.app */;
			productType = "com.apple.product-type.application";
		};
/* End PBXNativeTarget section */

/* Begin PBXProject section */
		7E03B5861BA10E8600FC44B3 /* Project object */ = {
			isa = PBXProject;
			attributes = {
				LastUpgradeCheck = 0710;
				ORGANIZATIONNAME = Sweefties;
				TargetAttributes = {
					7E03B58D1BA10E8600FC44B3 = {
						CreatedOnToolsVersion = 7.1;
					};
				};
			};
			buildConfigurationList = 7E03B5891BA10E8600FC44B3 /* Build configuration list for PBXProject "iOS9-NewAPI-SafariServices-Example" */;
			compatibilityVersion = "Xcode 3.2";
			developmentRegion = English;
			hasScannedForEncodings = 0;
			knownRegions = (
				en,
				Base,
			);
			mainGroup = 7E03B5851BA10E8600FC44B3;
			productRefGroup = 7E03B58F1BA10E8600FC44B3 /* Products */;
			projectDirPath = "";
			projectRoot = "";
			targets = (
				7E03B58D1BA10E8600FC44B3 /* iOS9-NewAPI-SafariServices-Example */,
			);
		};
/* End PBXProject section */

/* Begin PBXResourcesBuildPhase section */
		7E03B58C1BA10E8600FC44B3 /* Resources */ = {
			isa = PBXResourcesBuildPhase;
			buildActionMask = 2147483647;
			files = (
				7E03B59C1BA10E8600FC44B3 /* LaunchScreen.storyboard in Resources */,
				7E03B5991BA10E8600FC44B3 /* Assets.xcassets in Resources */,
				7E03B5971BA10E8600FC44B3 /* Main.storyboard in Resources */,
			);
			runOnlyForDeploymentPostprocessing = 0;
		};
/* End PBXResourcesBuildPhase section */

/* Begin PBXSourcesBuildPhase section */
		7E03B58A1BA10E8600FC44B3 /* Sources */ = {
			isa = PBXSourcesBuildPhase;
			buildActionMask = 2147483647;
			files = (
				7E03B5941BA10E8600FC44B3 /* ViewController.swift in Sources */,
				7E03B5921BA10E8600FC44B3 /* AppDelegate.swift in Sources */,
			);
			runOnlyForDeploymentPostprocessing = 0;
		};
/* End PBXSourcesBuildPhase section */

/* Begin PBXVariantGroup section */
		7E03B5951BA10E8600FC44B3 /* Main.storyboard */ = {
			isa = PBXVariantGroup;
			children = (
				7E03B5961BA10E8600FC44B3 /* Base */,
			);
			name = Main.storyboard;
			sourceTree = "<group>";
		};
		7E03B59A1BA10E8600FC44B3 /* LaunchScreen.storyboard */ = {
			isa = PBXVariantGroup;
			children = (
				7E03B59B1BA10E8600FC44B3 /* Base */,
			);
			name = LaunchScreen.storyboard;
			sourceTree = "<group>";
		};
/* End PBXVariantGroup section */

/* Begin XCBuildConfiguration section */
		7E03B59E1BA10E8600FC44B3 /* Debug */ = {
			isa = XCBuildConfiguration;
			buildSettings = {
				ALWAYS_SEARCH_USER_PATHS = NO;
				CLANG_CXX_LANGUAGE_STANDARD = "gnu++0x";
				CLANG_CXX_LIBRARY = "libc++";
				CLANG_ENABLE_MODULES = YES;
				CLANG_ENABLE_OBJC_ARC = YES;
				CLANG_WARN_BOOL_CONVERSION = YES;
				CLANG_WARN_CONSTANT_CONVERSION = YES;
				CLANG_WARN_DIRECT_OBJC_ISA_USAGE = YES_ERROR;
				CLANG_WARN_EMPTY_BODY = YES;
				CLANG_WARN_ENUM_CONVERSION = YES;
				CLANG_WARN_INT_CONVERSION = YES;
				CLANG_WARN_OBJC_ROOT_CLASS = YES_ERROR;
				CLANG_WARN_UNREACHABLE_CODE = YES;
				CLANG_WARN__DUPLICATE_METHOD_MATCH = YES;
				"CODE_SIGN_IDENTITY[sdk=iphoneos*]" = "iPhone Developer";
				COPY_PHASE_STRIP = NO;
				DEBUG_INFORMATION_FORMAT = dwarf;
				ENABLE_STRICT_OBJC_MSGSEND = YES;
				ENABLE_TESTABILITY = YES;
				GCC_C_LANGUAGE_STANDARD = gnu99;
				GCC_DYNAMIC_NO_PIC = NO;
				GCC_NO_COMMON_BLOCKS = YES;
				GCC_OPTIMIZATION_LEVEL = 0;
				GCC_PREPROCESSOR_DEFINITIONS = (
					"DEBUG=1",
					"$(inherited)",
				);
				GCC_WARN_64_TO_32_BIT_CONVERSION = YES;
				GCC_WARN_ABOUT_RETURN_TYPE = YES_ERROR;
				GCC_WARN_UNDECLARED_SELECTOR = YES;
				GCC_WARN_UNINITIALIZED_AUTOS = YES_AGGRESSIVE;
				GCC_WARN_UNUSED_FUNCTION = YES;
				GCC_WARN_UNUSED_VARIABLE = YES;
				IPHONEOS_DEPLOYMENT_TARGET = 9.1;
				MTL_ENABLE_DEBUG_INFO = YES;
				ONLY_ACTIVE_ARCH = YES;
				SDKROOT = iphoneos;
				SWIFT_OPTIMIZATION_LEVEL = "-Onone";
				TARGETED_DEVICE_FAMILY = "1,2";
			};
			name = Debug;
		};
		7E03B59F1BA10E8600FC44B3 /* Release */ = {
			isa = XCBuildConfiguration;
			buildSettings = {
				ALWAYS_SEARCH_USER_PATHS = NO;
				CLANG_CXX_LANGUAGE_STANDARD = "gnu++0x";
				CLANG_CXX_LIBRARY = "libc++";
				CLANG_ENABLE_MODULES = YES;
				CLANG_ENABLE_OBJC_ARC = YES;
				CLANG_WARN_BOOL_CONVERSION = YES;
				CLANG_WARN_CONSTANT_CONVERSION = YES;
				CLANG_WARN_DIRECT_OBJC_ISA_USAGE = YES_ERROR;
				CLANG_WARN_EMPTY_BODY = YES;
				CLANG_WARN_ENUM_CONVERSION = YES;
				CLANG_WARN_INT_CONVERSION = YES;
				CLANG_WARN_OBJC_ROOT_CLASS = YES_ERROR;
				CLANG_WARN_UNREACHABLE_CODE = YES;
				CLANG_WARN__DUPLICATE_METHOD_MATCH = YES;
				"CODE_SIGN_IDENTITY[sdk=iphoneos*]" = "iPhone Developer";
				COPY_PHASE_STRIP = NO;
				DEBUG_INFORMATION_FORMAT = "dwarf-with-dsym";
				ENABLE_NS_ASSERTIONS = NO;
				ENABLE_STRICT_OBJC_MSGSEND = YES;
				GCC_C_LANGUAGE_STANDARD = gnu99;
				GCC_NO_COMMON_BLOCKS = YES;
				GCC_WARN_64_TO_32_BIT_CONVERSION = YES;
				GCC_WARN_ABOUT_RETURN_TYPE = YES_ERROR;
				GCC_WARN_UNDECLARED_SELECTOR = YES;
				GCC_WARN_UNINITIALIZED_AUTOS = YES_AGGRESSIVE;
				GCC_WARN_UNUSED_FUNCTION = YES;
				GCC_WARN_UNUSED_VARIABLE = YES;
				IPHONEOS_DEPLOYMENT_TARGET = 9.1;
				MTL_ENABLE_DEBUG_INFO = NO;
				SDKROOT = iphoneos;
				TARGETED_DEVICE_FAMILY = "1,2";
				VALIDATE_PRODUCT = YES;
			};
			name = Release;
		};
		7E03B5A11BA10E8600FC44B3 /* Debug */ = {
			isa = XCBuildConfiguration;
			buildSettings = {
				ASSETCATALOG_COMPILER_APPICON_NAME = AppIcon;
				INFOPLIST_FILE = "iOS9-NewAPI-SafariServices-Example/Info.plist";
				LD_RUNPATH_SEARCH_PATHS = "$(inherited) @executable_path/Frameworks";
				PRODUCT_BUNDLE_IDENTIFIER = "com.sweefties.iOS9-NewAPI-SafariServices-Example";
				PRODUCT_NAME = "$(TARGET_NAME)";
			};
			name = Debug;
		};
		7E03B5A21BA10E8600FC44B3 /* Release */ = {
			isa = XCBuildConfiguration;
			buildSettings = {
				ASSETCATALOG_COMPILER_APPICON_NAME = AppIcon;
				INFOPLIST_FILE = "iOS9-NewAPI-SafariServices-Example/Info.plist";
				LD_RUNPATH_SEARCH_PATHS = "$(inherited) @executable_path/Frameworks";
				PRODUCT_BUNDLE_IDENTIFIER = "com.sweefties.iOS9-NewAPI-SafariServices-Example";
				PRODUCT_NAME = "$(TARGET_NAME)";
			};
			name = Release;
		};
/* End XCBuildConfiguration section */

/* Begin XCConfigurationList section */
		7E03B5891BA10E8600FC44B3 /* Build configuration list for PBXProject "iOS9-NewAPI-SafariServices-Example" */ = {
			isa = XCConfigurationList;
			buildConfigurations = (
				7E03B59E1BA10E8600FC44B3 /* Debug */,
				7E03B59F1BA10E8600FC44B3 /* Release */,
			);
			defaultConfigurationIsVisible = 0;
			defaultConfigurationName = Release;
		};
		7E03B5A01BA10E8600FC44B3 /* Build configuration list for PBXNativeTarget "iOS9-NewAPI-SafariServices-Example" */ = {
			isa = XCConfigurationList;
			buildConfigurations = (
				7E03B5A11BA10E8600FC44B3 /* Debug */,
				7E03B5A21BA10E8600FC44B3 /* Release */,
			);
			defaultConfigurationIsVisible = 0;
		};
/* End XCConfigurationList section */
	};
	rootObject = 7E03B5861BA10E8600FC44B3 /* Project object */;
}
